
Microsoft Visual Studio Solution File, Format Version 12.00
# Visual Studio Version 17
VisualStudioVersion = 17.10.34928.147
MinimumVisualStudioVersion = 10.0.40219.1
Project("{9A19103F-16F7-4668-BE54-9A1E7A4F7556}") = "TLARCManager", "TLARCManager\TLARCManager.csproj", "{A6441FD1-20C8-4B63-8F90-8DB437EB964C}"
EndProject
Project("{9A19103F-16F7-4668-BE54-9A1E7A4F7556}") = "TLARCManager.Desktop", "TLARCManager.Desktop\TLARCManager.Desktop.csproj", "{BA8DA242-41D6-43B5-A7CB-5EFF8188F960}"
EndProject
Global
	GlobalSection(SolutionConfigurationPlatforms) = preSolution
		Debug|Any CPU = Debug|Any CPU
		Release|Any CPU = Release|Any CPU
	EndGlobalSection
	GlobalSection(ProjectConfigurationPlatforms) = postSolution
		{A6441FD1-20C8-4B63-8F90-8DB437EB964C}.Debug|Any CPU.ActiveCfg = Debug|Any CPU
		{A6441FD1-20C8-4B63-8F90-8DB437EB964C}.Debug|Any CPU.Build.0 = Debug|Any CPU
		{A6441FD1-20C8-4B63-8F90-8DB437EB964C}.Release|Any CPU.ActiveCfg = Release|Any CPU
		{A6441FD1-20C8-4B63-8F90-8DB437EB964C}.Release|Any CPU.Build.0 = Release|Any CPU
		{BA8DA242-41D6-43B5-A7CB-5EFF8188F960}.Debug|Any CPU.ActiveCfg = Debug|Any CPU
		{BA8DA242-41D6-43B5-A7CB-5EFF8188F960}.Debug|Any CPU.Build.0 = Debug|Any CPU
		{BA8DA242-41D6-43B5-A7CB-5EFF8188F960}.Release|Any CPU.ActiveCfg = Release|Any CPU
		{BA8DA242-41D6-43B5-A7CB-5EFF8188F960}.Release|Any CPU.Build.0 = Release|Any CPU
	EndGlobalSection
	GlobalSection(SolutionProperties) = preSolution
		HideSolutionNode = FALSE
	EndGlobalSection
	GlobalSection(ExtensibilityGlobals) = postSolution
		SolutionGuid = {0E9FF0CE-E9CC-4BE4-85A4-8C3C59E1E2DA}
	EndGlobalSection
EndGlobal
