
Microsoft Visual Studio Solution File, Format Version 12.00
# Visual Studio Version 17
VisualStudioVersion = 17.10.34928.147
MinimumVisualStudioVersion = 10.0.40219.1
Project("{9A19103F-16F7-4668-BE54-9A1E7A4F7556}") = "TLARC-Manager", "TLARC-Manager\TLARC-Manager.csproj", "{BB0F5820-E738-4CAE-BE5D-1BEE23D9D5E4}"
EndProject
Project("{9A19103F-16F7-4668-BE54-9A1E7A4F7556}") = "TLARC-Manager.Desktop", "TLARC-Manager.Desktop\TLARC-Manager.Desktop.csproj", "{0AE69643-0BF1-4FC2-949F-3218B2DD758D}"
EndProject
Global
	GlobalSection(SolutionConfigurationPlatforms) = preSolution
		Debug|Any CPU = Debug|Any CPU
		Release|Any CPU = Release|Any CPU
	EndGlobalSection
	GlobalSection(ProjectConfigurationPlatforms) = postSolution
		{BB0F5820-E738-4CAE-BE5D-1BEE23D9D5E4}.Debug|Any CPU.ActiveCfg = Debug|Any CPU
		{BB0F5820-E738-4CAE-BE5D-1BEE23D9D5E4}.Debug|Any CPU.Build.0 = Debug|Any CPU
		{BB0F5820-E738-4CAE-BE5D-1BEE23D9D5E4}.Release|Any CPU.ActiveCfg = Release|Any CPU
		{BB0F5820-E738-4CAE-BE5D-1BEE23D9D5E4}.Release|Any CPU.Build.0 = Release|Any CPU
		{0AE69643-0BF1-4FC2-949F-3218B2DD758D}.Debug|Any CPU.ActiveCfg = Debug|Any CPU
		{0AE69643-0BF1-4FC2-949F-3218B2DD758D}.Debug|Any CPU.Build.0 = Debug|Any CPU
		{0AE69643-0BF1-4FC2-949F-3218B2DD758D}.Release|Any CPU.ActiveCfg = Release|Any CPU
		{0AE69643-0BF1-4FC2-949F-3218B2DD758D}.Release|Any CPU.Build.0 = Release|Any CPU
	EndGlobalSection
	GlobalSection(SolutionProperties) = preSolution
		HideSolutionNode = FALSE
	EndGlobalSection
	GlobalSection(ExtensibilityGlobals) = postSolution
		SolutionGuid = {0E9FF0CE-E9CC-4BE4-85A4-8C3C59E1E2DA}
	EndGlobalSection
EndGlobal
